
Microsoft Visual Studio Solution File, Format Version 12.00
# Visual Studio Version 16
VisualStudioVersion = 16.0.31624.102
MinimumVisualStudioVersion = 10.0.40219.1
Project("{FAE04EC0-301F-11D3-BF4B-00C04F79EFBC}") = "GLSLtoSHADER", "GLSLtoSHADER.csproj", "{05DEF883-4A75-4751-9F8C-9C8E34AA85F8}"
EndProject
Global
	GlobalSection(SolutionConfigurationPlatforms) = preSolution
		Debug|Any CPU = Debug|Any CPU
		Release|Any CPU = Release|Any CPU
	EndGlobalSection
	GlobalSection(ProjectConfigurationPlatforms) = postSolution
		{05DEF883-4A75-4751-9F8C-9C8E34AA85F8}.Debug|Any CPU.ActiveCfg = Debug|Any CPU
		{05DEF883-4A75-4751-9F8C-9C8E34AA85F8}.Debug|Any CPU.Build.0 = Debug|Any CPU
		{05DEF883-4A75-4751-9F8C-9C8E34AA85F8}.Release|Any CPU.ActiveCfg = Release|Any CPU
		{05DEF883-4A75-4751-9F8C-9C8E34AA85F8}.Release|Any CPU.Build.0 = Release|Any CPU
	EndGlobalSection
	GlobalSection(SolutionProperties) = preSolution
		HideSolutionNode = FALSE
	EndGlobalSection
	GlobalSection(ExtensibilityGlobals) = postSolution
		SolutionGuid = {D1B4CFB1-88CD-4D0C-8AF8-9B7AF19FF3AF}
	EndGlobalSection
EndGlobal
